// !$*UTF8*$!
{
	archiveVersion = 1;
	classes = {
	};
	objectVersion = 46;
	objects = {

/* Begin PBXBuildFile section */
		009BF76117EC0A6200AB8E82 /* UIKit.framework in Frameworks */ = {isa = PBXBuildFile; fileRef = 009BF76017EC0A6200AB8E82 /* UIKit.framework */; };
		009BF76317EC0A6200AB8E82 /* Foundation.framework in Frameworks */ = {isa = PBXBuildFile; fileRef = 009BF76217EC0A6200AB8E82 /* Foundation.framework */; };
		009BF76517EC0A6200AB8E82 /* CoreGraphics.framework in Frameworks */ = {isa = PBXBuildFile; fileRef = 009BF76417EC0A6200AB8E82 /* CoreGraphics.framework */; };
		009BF76B17EC0A6200AB8E82 /* InfoPlist.strings in Resources */ = {isa = PBXBuildFile; fileRef = 009BF76917EC0A6200AB8E82 /* InfoPlist.strings */; };
		009BF76D17EC0A6200AB8E82 /* main.m in Sources */ = {isa = PBXBuildFile; fileRef = 009BF76C17EC0A6200AB8E82 /* main.m */; };
		009BF77117EC0A6200AB8E82 /* BIDAppDelegate.m in Sources */ = {isa = PBXBuildFile; fileRef = 009BF77017EC0A6200AB8E82 /* BIDAppDelegate.m */; };
		009BF77417EC0A6200AB8E82 /* BIDViewController.m in Sources */ = {isa = PBXBuildFile; fileRef = 009BF77317EC0A6200AB8E82 /* BIDViewController.m */; };
		009BF77717EC0A6200AB8E82 /* BIDViewController.xib in Resources */ = {isa = PBXBuildFile; fileRef = 009BF77517EC0A6200AB8E82 /* BIDViewController.xib */; };
/* End PBXBuildFile section */

/* Begin PBXFileReference section */
		009BF75C17EC0A6200AB8E82 /* State Lab.app */ = {isa = PBXFileReference; explicitFileType = wrapper.application; includeInIndex = 0; path = "State Lab.app"; sourceTree = BUILT_PRODUCTS_DIR; };
		009BF76017EC0A6200AB8E82 /* UIKit.framework */ = {isa = PBXFileReference; lastKnownFileType = wrapper.framework; name = UIKit.framework; path = System/Library/Frameworks/UIKit.framework; sourceTree = SDKROOT; };
		009BF76217EC0A6200AB8E82 /* Foundation.framework */ = {isa = PBXFileReference; lastKnownFileType = wrapper.framework; name = Foundation.framework; path = System/Library/Frameworks/Foundation.framework; sourceTree = SDKROOT; };
		009BF76417EC0A6200AB8E82 /* CoreGraphics.framework */ = {isa = PBXFileReference; lastKnownFileType = wrapper.framework; name = CoreGraphics.framework; path = System/Library/Frameworks/CoreGraphics.framework; sourceTree = SDKROOT; };
		009BF76817EC0A6200AB8E82 /* State Lab-Info.plist */ = {isa = PBXFileReference; lastKnownFileType = text.plist.xml; path = "State Lab-Info.plist"; sourceTree = "<group>"; };
		009BF76A17EC0A6200AB8E82 /* en */ = {isa = PBXFileReference; lastKnownFileType = text.plist.strings; name = en; path = en.lproj/InfoPlist.strings; sourceTree = "<group>"; };
		009BF76C17EC0A6200AB8E82 /* main.m */ = {isa = PBXFileReference; lastKnownFileType = sourcecode.c.objc; path = main.m; sourceTree = "<group>"; };
		009BF76E17EC0A6200AB8E82 /* State Lab-Prefix.pch */ = {isa = PBXFileReference; lastKnownFileType = sourcecode.c.h; path = "State Lab-Prefix.pch"; sourceTree = "<group>"; };
		009BF76F17EC0A6200AB8E82 /* BIDAppDelegate.h */ = {isa = PBXFileReference; lastKnownFileType = sourcecode.c.h; path = BIDAppDelegate.h; sourceTree = "<group>"; };
		009BF77017EC0A6200AB8E82 /* BIDAppDelegate.m */ = {isa = PBXFileReference; lastKnownFileType = sourcecode.c.objc; path = BIDAppDelegate.m; sourceTree = "<group>"; };
		009BF77217EC0A6200AB8E82 /* BIDViewController.h */ = {isa = PBXFileReference; lastKnownFileType = sourcecode.c.h; path = BIDViewController.h; sourceTree = "<group>"; };
		009BF77317EC0A6200AB8E82 /* BIDViewController.m */ = {isa = PBXFileReference; lastKnownFileType = sourcecode.c.objc; path = BIDViewController.m; sourceTree = "<group>"; };
		009BF77617EC0A6200AB8E82 /* en */ = {isa = PBXFileReference; lastKnownFileType = file.xib; name = en; path = en.lproj/BIDViewController.xib; sourceTree = "<group>"; };
/* End PBXFileReference section */

/* Begin PBXFrameworksBuildPhase section */
		009BF75917EC0A6200AB8E82 /* Frameworks */ = {
			isa = PBXFrameworksBuildPhase;
			buildActionMask = 2147483647;
			files = (
				009BF76117EC0A6200AB8E82 /* UIKit.framework in Frameworks */,
				009BF76317EC0A6200AB8E82 /* Foundation.framework in Frameworks */,
				009BF76517EC0A6200AB8E82 /* CoreGraphics.framework in Frameworks */,
			);
			runOnlyForDeploymentPostprocessing = 0;
		};
/* End PBXFrameworksBuildPhase section */

/* Begin PBXGroup section */
		009BF75117EC0A6200AB8E82 = {
			isa = PBXGroup;
			children = (
				009BF76617EC0A6200AB8E82 /* State Lab */,
				009BF75F17EC0A6200AB8E82 /* Frameworks */,
				009BF75D17EC0A6200AB8E82 /* Products */,
			);
			sourceTree = "<group>";
		};
		009BF75D17EC0A6200AB8E82 /* Products */ = {
			isa = PBXGroup;
			children = (
				009BF75C17EC0A6200AB8E82 /* State Lab.app */,
			);
			name = Products;
			sourceTree = "<group>";
		};
		009BF75F17EC0A6200AB8E82 /* Frameworks */ = {
			isa = PBXGroup;
			children = (
				009BF76017EC0A6200AB8E82 /* UIKit.framework */,
				009BF76217EC0A6200AB8E82 /* Foundation.framework */,
				009BF76417EC0A6200AB8E82 /* CoreGraphics.framework */,
			);
			name = Frameworks;
			sourceTree = "<group>";
		};
		009BF76617EC0A6200AB8E82 /* State Lab */ = {
			isa = PBXGroup;
			children = (
				009BF76F17EC0A6200AB8E82 /* BIDAppDelegate.h */,
				009BF77017EC0A6200AB8E82 /* BIDAppDelegate.m */,
				009BF77217EC0A6200AB8E82 /* BIDViewController.h */,
				009BF77317EC0A6200AB8E82 /* BIDViewController.m */,
				009BF77517EC0A6200AB8E82 /* BIDViewController.xib */,
				009BF76717EC0A6200AB8E82 /* Supporting Files */,
			);
			path = "State Lab";
			sourceTree = "<group>";
		};
		009BF76717EC0A6200AB8E82 /* Supporting Files */ = {
			isa = PBXGroup;
			children = (
				009BF76817EC0A6200AB8E82 /* State Lab-Info.plist */,
				009BF76917EC0A6200AB8E82 /* InfoPlist.strings */,
				009BF76C17EC0A6200AB8E82 /* main.m */,
				009BF76E17EC0A6200AB8E82 /* State Lab-Prefix.pch */,
			);
			name = "Supporting Files";
			sourceTree = "<group>";
		};
/* End PBXGroup section */

/* Begin PBXNativeTarget section */
		009BF75B17EC0A6200AB8E82 /* State Lab */ = {
			isa = PBXNativeTarget;
			buildConfigurationList = 009BF77A17EC0A6200AB8E82 /* Build configuration list for PBXNativeTarget "State Lab" */;
			buildPhases = (
				009BF75817EC0A6200AB8E82 /* Sources */,
				009BF75917EC0A6200AB8E82 /* Frameworks */,
				009BF75A17EC0A6200AB8E82 /* Resources */,
			);
			buildRules = (
			);
			dependencies = (
			);
			name = "State Lab";
			productName = "State Lab";
			productReference = 009BF75C17EC0A6200AB8E82 /* State Lab.app */;
			productType = "com.apple.product-type.application";
		};
/* End PBXNativeTarget section */

/* Begin PBXProject section */
		009BF75317EC0A6200AB8E82 /* Project object */ = {
			isa = PBXProject;
			attributes = {
				LastUpgradeCheck = 0420;
			};
			buildConfigurationList = 009BF75617EC0A6200AB8E82 /* Build configuration list for PBXProject "State Lab" */;
			compatibilityVersion = "Xcode 3.2";
			developmentRegion = English;
			hasScannedForEncodings = 0;
			knownRegions = (
				en,
			);
			mainGroup = 009BF75117EC0A6200AB8E82;
			productRefGroup = 009BF75D17EC0A6200AB8E82 /* Products */;
			projectDirPath = "";
			projectRoot = "";
			targets = (
				009BF75B17EC0A6200AB8E82 /* State Lab */,
			);
		};
/* End PBXProject section */

/* Begin PBXResourcesBuildPhase section */
		009BF75A17EC0A6200AB8E82 /* Resources */ = {
			isa = PBXResourcesBuildPhase;
			buildActionMask = 2147483647;
			files = (
				009BF76B17EC0A6200AB8E82 /* InfoPlist.strings in Resources */,
				009BF77717EC0A6200AB8E82 /* BIDViewController.xib in Resources */,
			);
			runOnlyForDeploymentPostprocessing = 0;
		};
/* End PBXResourcesBuildPhase section */

/* Begin PBXSourcesBuildPhase section */
		009BF75817EC0A6200AB8E82 /* Sources */ = {
			isa = PBXSourcesBuildPhase;
			buildActionMask = 2147483647;
			files = (
				009BF76D17EC0A6200AB8E82 /* main.m in Sources */,
				009BF77117EC0A6200AB8E82 /* BIDAppDelegate.m in Sources */,
				009BF77417EC0A6200AB8E82 /* BIDViewController.m in Sources */,
			);
			runOnlyForDeploymentPostprocessing = 0;
		};
/* End PBXSourcesBuildPhase section */

/* Begin PBXVariantGroup section */
		009BF76917EC0A6200AB8E82 /* InfoPlist.strings */ = {
			isa = PBXVariantGroup;
			children = (
				009BF76A17EC0A6200AB8E82 /* en */,
			);
			name = InfoPlist.strings;
			sourceTree = "<group>";
		};
		009BF77517EC0A6200AB8E82 /* BIDViewController.xib */ = {
			isa = PBXVariantGroup;
			children = (
				009BF77617EC0A6200AB8E82 /* en */,
			);
			name = BIDViewController.xib;
			sourceTree = "<group>";
		};
/* End PBXVariantGroup section */

/* Begin XCBuildConfiguration section */
		009BF77817EC0A6200AB8E82 /* Debug */ = {
			isa = XCBuildConfiguration;
			buildSettings = {
				ALWAYS_SEARCH_USER_PATHS = NO;
				ARCHS = "$(ARCHS_STANDARD_32_BIT)";
				CLANG_ENABLE_OBJC_ARC = YES;
				"CODE_SIGN_IDENTITY[sdk=iphoneos*]" = "iPhone Developer";
				COPY_PHASE_STRIP = NO;
				GCC_C_LANGUAGE_STANDARD = gnu99;
				GCC_DYNAMIC_NO_PIC = NO;
				GCC_OPTIMIZATION_LEVEL = 0;
				GCC_PREPROCESSOR_DEFINITIONS = (
					"DEBUG=1",
					"$(inherited)",
				);
				GCC_SYMBOLS_PRIVATE_EXTERN = NO;
				GCC_VERSION = com.apple.compilers.llvm.clang.1_0;
				GCC_WARN_ABOUT_MISSING_PROTOTYPES = YES;
				GCC_WARN_ABOUT_RETURN_TYPE = YES;
				GCC_WARN_UNUSED_VARIABLE = YES;
				IPHONEOS_DEPLOYMENT_TARGET = 5.0;
				SDKROOT = iphoneos;
			};
			name = Debug;
		};
		009BF77917EC0A6200AB8E82 /* Release */ = {
			isa = XCBuildConfiguration;
			buildSettings = {
				ALWAYS_SEARCH_USER_PATHS = NO;
				ARCHS = "$(ARCHS_STANDARD_32_BIT)";
				CLANG_ENABLE_OBJC_ARC = YES;
				"CODE_SIGN_IDENTITY[sdk=iphoneos*]" = "iPhone Developer";
				COPY_PHASE_STRIP = YES;
				GCC_C_LANGUAGE_STANDARD = gnu99;
				GCC_VERSION = com.apple.compilers.llvm.clang.1_0;
				GCC_WARN_ABOUT_MISSING_PROTOTYPES = YES;
				GCC_WARN_ABOUT_RETURN_TYPE = YES;
				GCC_WARN_UNUSED_VARIABLE = YES;
				IPHONEOS_DEPLOYMENT_TARGET = 5.0;
				OTHER_CFLAGS = "-DNS_BLOCK_ASSERTIONS=1";
				SDKROOT = iphoneos;
				VALIDATE_PRODUCT = YES;
			};
			name = Release;
		};
		009BF77B17EC0A6200AB8E82 /* Debug */ = {
			isa = XCBuildConfiguration;
			buildSettings = {
				GCC_PRECOMPILE_PREFIX_HEADER = YES;
				GCC_PREFIX_HEADER = "State Lab/State Lab-Prefix.pch";
				INFOPLIST_FILE = "State Lab/State Lab-Info.plist";
				PRODUCT_NAME = "$(TARGET_NAME)";
				WRAPPER_EXTENSION = app;
			};
			name = Debug;
		};
		009BF77C17EC0A6200AB8E82 /* Release */ = {
			isa = XCBuildConfiguration;
			buildSettings = {
				GCC_PRECOMPILE_PREFIX_HEADER = YES;
				GCC_PREFIX_HEADER = "State Lab/State Lab-Prefix.pch";
				INFOPLIST_FILE = "State Lab/State Lab-Info.plist";
				PRODUCT_NAME = "$(TARGET_NAME)";
				WRAPPER_EXTENSION = app;
			};
			name = Release;
		};
/* End XCBuildConfiguration section */

/* Begin XCConfigurationList section */
		009BF75617EC0A6200AB8E82 /* Build configuration list for PBXProject "State Lab" */ = {
			isa = XCConfigurationList;
			buildConfigurations = (
				009BF77817EC0A6200AB8E82 /* Debug */,
				009BF77917EC0A6200AB8E82 /* Release */,
			);
			defaultConfigurationIsVisible = 0;
			defaultConfigurationName = Release;
		};
		009BF77A17EC0A6200AB8E82 /* Build configuration list for PBXNativeTarget "State Lab" */ = {
			isa = XCConfigurationList;
			buildConfigurations = (
				009BF77B17EC0A6200AB8E82 /* Debug */,
				009BF77C17EC0A6200AB8E82 /* Release */,
			);
			defaultConfigurationIsVisible = 0;
		};
/* End XCConfigurationList section */
	};
	rootObject = 009BF75317EC0A6200AB8E82 /* Project object */;
}
